
Microsoft Visual Studio Solution File, Format Version 12.00
# Visual Studio Version 16
VisualStudioVersion = 16.0.30413.136
MinimumVisualStudioVersion = 10.0.40219.1
Project("{FAE04EC0-301F-11D3-BF4B-00C04F79EFBC}") = "TesteDiaADia", "TesteDiaADia\TesteDiaADia.csproj", "{8A2A8677-97A9-4453-AA4A-30BDDFB656BB}"
EndProject
Global
	GlobalSection(SolutionConfigurationPlatforms) = preSolution
		Debug|Any CPU = Debug|Any CPU
		Release|Any CPU = Release|Any CPU
	EndGlobalSection
	GlobalSection(ProjectConfigurationPlatforms) = postSolution
		{8A2A8677-97A9-4453-AA4A-30BDDFB656BB}.Debug|Any CPU.ActiveCfg = Debug|Any CPU
		{8A2A8677-97A9-4453-AA4A-30BDDFB656BB}.Debug|Any CPU.Build.0 = Debug|Any CPU
		{8A2A8677-97A9-4453-AA4A-30BDDFB656BB}.Release|Any CPU.ActiveCfg = Release|Any CPU
		{8A2A8677-97A9-4453-AA4A-30BDDFB656BB}.Release|Any CPU.Build.0 = Release|Any CPU
	EndGlobalSection
	GlobalSection(SolutionProperties) = preSolution
		HideSolutionNode = FALSE
	EndGlobalSection
	GlobalSection(ExtensibilityGlobals) = postSolution
		SolutionGuid = {4768910D-2570-49A6-8F05-FD8B9B933BE2}
	EndGlobalSection
EndGlobal
